
Microsoft Visual Studio Solution File, Format Version 12.00
# Visual Studio 2012
Project("{FAE04EC0-301F-11D3-BF4B-00C04F79EFBC}") = "formsSample.iOS", "formsSample.iOS\formsSample.iOS.csproj", "{33B87713-D2C5-4B7A-A3E1-34E3BD9AB89B}"
EndProject
Project("{FAE04EC0-301F-11D3-BF4B-00C04F79EFBC}") = "formsSample", "formsSample\formsSample.csproj", "{D1A0D012-5615-4C24-8FDF-A4B4B4691224}"
EndProject
Global
	GlobalSection(SolutionConfigurationPlatforms) = preSolution
		Debug|iPhoneSimulator = Debug|iPhoneSimulator
		Release|iPhoneSimulator = Release|iPhoneSimulator
		Debug|iPhone = Debug|iPhone
		Release|iPhone = Release|iPhone
		Debug|Any CPU = Debug|Any CPU
		Release|Any CPU = Release|Any CPU
	EndGlobalSection
	GlobalSection(ProjectConfigurationPlatforms) = postSolution
		{33B87713-D2C5-4B7A-A3E1-34E3BD9AB89B}.Debug|iPhoneSimulator.ActiveCfg = Debug|iPhoneSimulator
		{33B87713-D2C5-4B7A-A3E1-34E3BD9AB89B}.Debug|iPhoneSimulator.Build.0 = Debug|iPhoneSimulator
		{33B87713-D2C5-4B7A-A3E1-34E3BD9AB89B}.Release|iPhoneSimulator.ActiveCfg = Release|iPhoneSimulator
		{33B87713-D2C5-4B7A-A3E1-34E3BD9AB89B}.Release|iPhoneSimulator.Build.0 = Release|iPhoneSimulator
		{33B87713-D2C5-4B7A-A3E1-34E3BD9AB89B}.Debug|iPhone.ActiveCfg = Debug|iPhone
		{33B87713-D2C5-4B7A-A3E1-34E3BD9AB89B}.Debug|iPhone.Build.0 = Debug|iPhone
		{33B87713-D2C5-4B7A-A3E1-34E3BD9AB89B}.Release|iPhone.ActiveCfg = Release|iPhone
		{33B87713-D2C5-4B7A-A3E1-34E3BD9AB89B}.Release|iPhone.Build.0 = Release|iPhone
		{33B87713-D2C5-4B7A-A3E1-34E3BD9AB89B}.Debug|Any CPU.ActiveCfg = Debug|iPhoneSimulator
		{33B87713-D2C5-4B7A-A3E1-34E3BD9AB89B}.Debug|Any CPU.Build.0 = Debug|iPhoneSimulator
		{33B87713-D2C5-4B7A-A3E1-34E3BD9AB89B}.Release|Any CPU.ActiveCfg = Release|iPhoneSimulator
		{33B87713-D2C5-4B7A-A3E1-34E3BD9AB89B}.Release|Any CPU.Build.0 = Release|iPhoneSimulator
		{D1A0D012-5615-4C24-8FDF-A4B4B4691224}.Debug|iPhoneSimulator.ActiveCfg = Debug|Any CPU
		{D1A0D012-5615-4C24-8FDF-A4B4B4691224}.Debug|iPhoneSimulator.Build.0 = Debug|Any CPU
		{D1A0D012-5615-4C24-8FDF-A4B4B4691224}.Release|iPhoneSimulator.ActiveCfg = Release|Any CPU
		{D1A0D012-5615-4C24-8FDF-A4B4B4691224}.Release|iPhoneSimulator.Build.0 = Release|Any CPU
		{D1A0D012-5615-4C24-8FDF-A4B4B4691224}.Debug|iPhone.ActiveCfg = Debug|Any CPU
		{D1A0D012-5615-4C24-8FDF-A4B4B4691224}.Debug|iPhone.Build.0 = Debug|Any CPU
		{D1A0D012-5615-4C24-8FDF-A4B4B4691224}.Release|iPhone.ActiveCfg = Release|Any CPU
		{D1A0D012-5615-4C24-8FDF-A4B4B4691224}.Release|iPhone.Build.0 = Release|Any CPU
		{D1A0D012-5615-4C24-8FDF-A4B4B4691224}.Debug|Any CPU.ActiveCfg = Debug|Any CPU
		{D1A0D012-5615-4C24-8FDF-A4B4B4691224}.Debug|Any CPU.Build.0 = Debug|Any CPU
		{D1A0D012-5615-4C24-8FDF-A4B4B4691224}.Release|Any CPU.ActiveCfg = Release|Any CPU
		{D1A0D012-5615-4C24-8FDF-A4B4B4691224}.Release|Any CPU.Build.0 = Release|Any CPU
	EndGlobalSection
EndGlobal
